
Microsoft Visual Studio Solution File, Format Version 12.00
# Visual Studio Version 17
VisualStudioVersion = 17.7.34202.233
MinimumVisualStudioVersion = 10.0.40219.1
Project("{FAE04EC0-301F-11D3-BF4B-00C04F79EFBC}") = "WebScraperFunction", "WebScraperFunction\WebScraperFunction.csproj", "{97C8E52D-6382-4579-BFE6-64E5217F093B}"
EndProject
Global
	GlobalSection(SolutionConfigurationPlatforms) = preSolution
		Debug|Any CPU = Debug|Any CPU
		Release|Any CPU = Release|Any CPU
	EndGlobalSection
	GlobalSection(ProjectConfigurationPlatforms) = postSolution
		{97C8E52D-6382-4579-BFE6-64E5217F093B}.Debug|Any CPU.ActiveCfg = Debug|Any CPU
		{97C8E52D-6382-4579-BFE6-64E5217F093B}.Debug|Any CPU.Build.0 = Debug|Any CPU
		{97C8E52D-6382-4579-BFE6-64E5217F093B}.Release|Any CPU.ActiveCfg = Release|Any CPU
		{97C8E52D-6382-4579-BFE6-64E5217F093B}.Release|Any CPU.Build.0 = Release|Any CPU
	EndGlobalSection
	GlobalSection(SolutionProperties) = preSolution
		HideSolutionNode = FALSE
	EndGlobalSection
	GlobalSection(ExtensibilityGlobals) = postSolution
		SolutionGuid = {6D1960B0-5E77-4CF8-8669-13E9A6128788}
	EndGlobalSection
EndGlobal
