
Microsoft Visual Studio Solution File, Format Version 12.00
# Visual Studio Version 17
VisualStudioVersion = 17.7.34202.233
MinimumVisualStudioVersion = 10.0.40219.1
Project("{9A19103F-16F7-4668-BE54-9A1E7A4F7556}") = "WebScraperFunction.DataContext", "WebScraperFunction.DataContext\WebScraperFunction.DataContext.csproj", "{A7D70CEC-CAA3-460E-838A-500BCEFE7BCD}"
EndProject
Project("{9A19103F-16F7-4668-BE54-9A1E7A4F7556}") = "WebScraperFunction.Application", "WebScraperFunction.Application\WebScraperFunction.Application.csproj", "{412F11DC-C4DF-4EFE-BA03-4A5851D37336}"
EndProject
Project("{9A19103F-16F7-4668-BE54-9A1E7A4F7556}") = "WebScraperFunction.Infrastructure", "WebScraperFunction.Infrastructure\WebScraperFunction.Infrastructure.csproj", "{B0A2DD51-EFCD-4A7E-82FB-2760C98F4A2A}"
EndProject
Project("{9A19103F-16F7-4668-BE54-9A1E7A4F7556}") = "WebScraperFunction.Domain", "WebScraperFunction.Domain\WebScraperFunction.Domain.csproj", "{2A40D49F-2D09-4B8A-8491-E621C49E1B20}"
EndProject
Project("{9A19103F-16F7-4668-BE54-9A1E7A4F7556}") = "WebScraperFunction", "WebScraperFunction\WebScraperFunction.csproj", "{7A5330CB-2072-49A8-B919-9A9D89D7AE34}"
EndProject
Global
	GlobalSection(SolutionConfigurationPlatforms) = preSolution
		Debug|Any CPU = Debug|Any CPU
		Release|Any CPU = Release|Any CPU
	EndGlobalSection
	GlobalSection(ProjectConfigurationPlatforms) = postSolution
		{A7D70CEC-CAA3-460E-838A-500BCEFE7BCD}.Debug|Any CPU.ActiveCfg = Debug|Any CPU
		{A7D70CEC-CAA3-460E-838A-500BCEFE7BCD}.Debug|Any CPU.Build.0 = Debug|Any CPU
		{A7D70CEC-CAA3-460E-838A-500BCEFE7BCD}.Release|Any CPU.ActiveCfg = Release|Any CPU
		{A7D70CEC-CAA3-460E-838A-500BCEFE7BCD}.Release|Any CPU.Build.0 = Release|Any CPU
		{412F11DC-C4DF-4EFE-BA03-4A5851D37336}.Debug|Any CPU.ActiveCfg = Debug|Any CPU
		{412F11DC-C4DF-4EFE-BA03-4A5851D37336}.Debug|Any CPU.Build.0 = Debug|Any CPU
		{412F11DC-C4DF-4EFE-BA03-4A5851D37336}.Release|Any CPU.ActiveCfg = Release|Any CPU
		{412F11DC-C4DF-4EFE-BA03-4A5851D37336}.Release|Any CPU.Build.0 = Release|Any CPU
		{B0A2DD51-EFCD-4A7E-82FB-2760C98F4A2A}.Debug|Any CPU.ActiveCfg = Debug|Any CPU
		{B0A2DD51-EFCD-4A7E-82FB-2760C98F4A2A}.Debug|Any CPU.Build.0 = Debug|Any CPU
		{B0A2DD51-EFCD-4A7E-82FB-2760C98F4A2A}.Release|Any CPU.ActiveCfg = Release|Any CPU
		{B0A2DD51-EFCD-4A7E-82FB-2760C98F4A2A}.Release|Any CPU.Build.0 = Release|Any CPU
		{2A40D49F-2D09-4B8A-8491-E621C49E1B20}.Debug|Any CPU.ActiveCfg = Debug|Any CPU
		{2A40D49F-2D09-4B8A-8491-E621C49E1B20}.Debug|Any CPU.Build.0 = Debug|Any CPU
		{2A40D49F-2D09-4B8A-8491-E621C49E1B20}.Release|Any CPU.ActiveCfg = Release|Any CPU
		{2A40D49F-2D09-4B8A-8491-E621C49E1B20}.Release|Any CPU.Build.0 = Release|Any CPU
		{7A5330CB-2072-49A8-B919-9A9D89D7AE34}.Debug|Any CPU.ActiveCfg = Debug|Any CPU
		{7A5330CB-2072-49A8-B919-9A9D89D7AE34}.Debug|Any CPU.Build.0 = Debug|Any CPU
		{7A5330CB-2072-49A8-B919-9A9D89D7AE34}.Release|Any CPU.ActiveCfg = Release|Any CPU
		{7A5330CB-2072-49A8-B919-9A9D89D7AE34}.Release|Any CPU.Build.0 = Release|Any CPU
	EndGlobalSection
	GlobalSection(SolutionProperties) = preSolution
		HideSolutionNode = FALSE
	EndGlobalSection
	GlobalSection(ExtensibilityGlobals) = postSolution
		SolutionGuid = {6D1960B0-5E77-4CF8-8669-13E9A6128788}
	EndGlobalSection
EndGlobal
